
Microsoft Visual Studio Solution File, Format Version 12.00
# Visual Studio Version 16
VisualStudioVersion = 16.0.32106.194
MinimumVisualStudioVersion = 10.0.40219.1
Project("{FAE04EC0-301F-11D3-BF4B-00C04F79EFBC}") = "018. parosegytolszazig", "018. parosegytolszazig\018. parosegytolszazig.csproj", "{739AED28-72E0-4B5F-8E26-1418E8CD9AE7}"
EndProject
Global
	GlobalSection(SolutionConfigurationPlatforms) = preSolution
		Debug|Any CPU = Debug|Any CPU
		Release|Any CPU = Release|Any CPU
	EndGlobalSection
	GlobalSection(ProjectConfigurationPlatforms) = postSolution
		{739AED28-72E0-4B5F-8E26-1418E8CD9AE7}.Debug|Any CPU.ActiveCfg = Debug|Any CPU
		{739AED28-72E0-4B5F-8E26-1418E8CD9AE7}.Debug|Any CPU.Build.0 = Debug|Any CPU
		{739AED28-72E0-4B5F-8E26-1418E8CD9AE7}.Release|Any CPU.ActiveCfg = Release|Any CPU
		{739AED28-72E0-4B5F-8E26-1418E8CD9AE7}.Release|Any CPU.Build.0 = Release|Any CPU
	EndGlobalSection
	GlobalSection(SolutionProperties) = preSolution
		HideSolutionNode = FALSE
	EndGlobalSection
	GlobalSection(ExtensibilityGlobals) = postSolution
		SolutionGuid = {4E23AF12-5742-4FF9-B4D0-13C59F7984A7}
	EndGlobalSection
EndGlobal
